
Microsoft Visual Studio Solution File, Format Version 12.00
# Visual Studio 15
VisualStudioVersion = 15.0.33026.149
MinimumVisualStudioVersion = 10.0.40219.1
Project("{FAE04EC0-301F-11D3-BF4B-00C04F79EFBC}") = "MiR_REST_API", "MiR_REST_API\MiR_REST_API.csproj", "{0C4E8EF2-8437-456F-864D-36C932EA87D2}"
EndProject
Global
	GlobalSection(SolutionConfigurationPlatforms) = preSolution
		Debug|Any CPU = Debug|Any CPU
		Release|Any CPU = Release|Any CPU
	EndGlobalSection
	GlobalSection(ProjectConfigurationPlatforms) = postSolution
		{0C4E8EF2-8437-456F-864D-36C932EA87D2}.Debug|Any CPU.ActiveCfg = Debug|Any CPU
		{0C4E8EF2-8437-456F-864D-36C932EA87D2}.Debug|Any CPU.Build.0 = Debug|Any CPU
		{0C4E8EF2-8437-456F-864D-36C932EA87D2}.Release|Any CPU.ActiveCfg = Release|Any CPU
		{0C4E8EF2-8437-456F-864D-36C932EA87D2}.Release|Any CPU.Build.0 = Release|Any CPU
	EndGlobalSection
	GlobalSection(SolutionProperties) = preSolution
		HideSolutionNode = FALSE
	EndGlobalSection
	GlobalSection(ExtensibilityGlobals) = postSolution
		SolutionGuid = {4865052E-C131-4030-8F99-B8CDC7022D8C}
	EndGlobalSection
EndGlobal
